
Microsoft Visual Studio Solution File, Format Version 12.00
# Visual Studio Version 17
VisualStudioVersion = 17.5.33424.131
MinimumVisualStudioVersion = 10.0.40219.1
Project("{8BC9CEB8-8B4A-11D0-8D11-00A0C91BC942}") = "list-processes-win", "list-processes-win\list-processes-win.vcxproj", "{2208C8A3-66EC-4ADC-BFA8-1F8E8DA716DB}"
EndProject
Project("{8BC9CEB8-8B4A-11D0-8D11-00A0C91BC942}") = "list-process-linux", "list-process-linux\list-process-linux.vcxproj", "{77B120E1-7677-4F99-ABF1-E6BB2652433F}"
EndProject
Project("{8BC9CEB8-8B4A-11D0-8D11-00A0C91BC942}") = "zombie", "zombie\zombie.vcxproj", "{EC6500C1-EE5B-41B9-908B-87FD1FB6393B}"
EndProject
Project("{8BC9CEB8-8B4A-11D0-8D11-00A0C91BC942}") = "flip-case", "flip-case\flip-case.vcxproj", "{681F5CA4-9BF5-4D21-80E5-EB54065C74FB}"
EndProject
Global
	GlobalSection(SolutionConfigurationPlatforms) = preSolution
		Debug|ARM = Debug|ARM
		Debug|ARM64 = Debug|ARM64
		Debug|x64 = Debug|x64
		Debug|x86 = Debug|x86
		Release|ARM = Release|ARM
		Release|ARM64 = Release|ARM64
		Release|x64 = Release|x64
		Release|x86 = Release|x86
	EndGlobalSection
	GlobalSection(ProjectConfigurationPlatforms) = postSolution
		{2208C8A3-66EC-4ADC-BFA8-1F8E8DA716DB}.Debug|ARM.ActiveCfg = Debug|x64
		{2208C8A3-66EC-4ADC-BFA8-1F8E8DA716DB}.Debug|ARM.Build.0 = Debug|x64
		{2208C8A3-66EC-4ADC-BFA8-1F8E8DA716DB}.Debug|ARM64.ActiveCfg = Debug|x64
		{2208C8A3-66EC-4ADC-BFA8-1F8E8DA716DB}.Debug|ARM64.Build.0 = Debug|x64
		{2208C8A3-66EC-4ADC-BFA8-1F8E8DA716DB}.Debug|x64.ActiveCfg = Debug|x64
		{2208C8A3-66EC-4ADC-BFA8-1F8E8DA716DB}.Debug|x64.Build.0 = Debug|x64
		{2208C8A3-66EC-4ADC-BFA8-1F8E8DA716DB}.Debug|x86.ActiveCfg = Debug|Win32
		{2208C8A3-66EC-4ADC-BFA8-1F8E8DA716DB}.Debug|x86.Build.0 = Debug|Win32
		{2208C8A3-66EC-4ADC-BFA8-1F8E8DA716DB}.Release|ARM.ActiveCfg = Release|x64
		{2208C8A3-66EC-4ADC-BFA8-1F8E8DA716DB}.Release|ARM.Build.0 = Release|x64
		{2208C8A3-66EC-4ADC-BFA8-1F8E8DA716DB}.Release|ARM64.ActiveCfg = Release|x64
		{2208C8A3-66EC-4ADC-BFA8-1F8E8DA716DB}.Release|ARM64.Build.0 = Release|x64
		{2208C8A3-66EC-4ADC-BFA8-1F8E8DA716DB}.Release|x64.ActiveCfg = Release|x64
		{2208C8A3-66EC-4ADC-BFA8-1F8E8DA716DB}.Release|x64.Build.0 = Release|x64
		{2208C8A3-66EC-4ADC-BFA8-1F8E8DA716DB}.Release|x86.ActiveCfg = Release|Win32
		{2208C8A3-66EC-4ADC-BFA8-1F8E8DA716DB}.Release|x86.Build.0 = Release|Win32
		{77B120E1-7677-4F99-ABF1-E6BB2652433F}.Debug|ARM.ActiveCfg = Debug|ARM
		{77B120E1-7677-4F99-ABF1-E6BB2652433F}.Debug|ARM.Build.0 = Debug|ARM
		{77B120E1-7677-4F99-ABF1-E6BB2652433F}.Debug|ARM.Deploy.0 = Debug|ARM
		{77B120E1-7677-4F99-ABF1-E6BB2652433F}.Debug|ARM64.ActiveCfg = Debug|ARM64
		{77B120E1-7677-4F99-ABF1-E6BB2652433F}.Debug|ARM64.Build.0 = Debug|ARM64
		{77B120E1-7677-4F99-ABF1-E6BB2652433F}.Debug|ARM64.Deploy.0 = Debug|ARM64
		{77B120E1-7677-4F99-ABF1-E6BB2652433F}.Debug|x64.ActiveCfg = Debug|x64
		{77B120E1-7677-4F99-ABF1-E6BB2652433F}.Debug|x64.Build.0 = Debug|x64
		{77B120E1-7677-4F99-ABF1-E6BB2652433F}.Debug|x64.Deploy.0 = Debug|x64
		{77B120E1-7677-4F99-ABF1-E6BB2652433F}.Debug|x86.ActiveCfg = Debug|x86
		{77B120E1-7677-4F99-ABF1-E6BB2652433F}.Debug|x86.Build.0 = Debug|x86
		{77B120E1-7677-4F99-ABF1-E6BB2652433F}.Debug|x86.Deploy.0 = Debug|x86
		{77B120E1-7677-4F99-ABF1-E6BB2652433F}.Release|ARM.ActiveCfg = Release|ARM
		{77B120E1-7677-4F99-ABF1-E6BB2652433F}.Release|ARM.Build.0 = Release|ARM
		{77B120E1-7677-4F99-ABF1-E6BB2652433F}.Release|ARM.Deploy.0 = Release|ARM
		{77B120E1-7677-4F99-ABF1-E6BB2652433F}.Release|ARM64.ActiveCfg = Release|ARM64
		{77B120E1-7677-4F99-ABF1-E6BB2652433F}.Release|ARM64.Build.0 = Release|ARM64
		{77B120E1-7677-4F99-ABF1-E6BB2652433F}.Release|ARM64.Deploy.0 = Release|ARM64
		{77B120E1-7677-4F99-ABF1-E6BB2652433F}.Release|x64.ActiveCfg = Release|x64
		{77B120E1-7677-4F99-ABF1-E6BB2652433F}.Release|x64.Build.0 = Release|x64
		{77B120E1-7677-4F99-ABF1-E6BB2652433F}.Release|x64.Deploy.0 = Release|x64
		{77B120E1-7677-4F99-ABF1-E6BB2652433F}.Release|x86.ActiveCfg = Release|x86
		{77B120E1-7677-4F99-ABF1-E6BB2652433F}.Release|x86.Build.0 = Release|x86
		{77B120E1-7677-4F99-ABF1-E6BB2652433F}.Release|x86.Deploy.0 = Release|x86
		{EC6500C1-EE5B-41B9-908B-87FD1FB6393B}.Debug|ARM.ActiveCfg = Debug|ARM
		{EC6500C1-EE5B-41B9-908B-87FD1FB6393B}.Debug|ARM.Build.0 = Debug|ARM
		{EC6500C1-EE5B-41B9-908B-87FD1FB6393B}.Debug|ARM.Deploy.0 = Debug|ARM
		{EC6500C1-EE5B-41B9-908B-87FD1FB6393B}.Debug|ARM64.ActiveCfg = Debug|ARM64
		{EC6500C1-EE5B-41B9-908B-87FD1FB6393B}.Debug|ARM64.Build.0 = Debug|ARM64
		{EC6500C1-EE5B-41B9-908B-87FD1FB6393B}.Debug|ARM64.Deploy.0 = Debug|ARM64
		{EC6500C1-EE5B-41B9-908B-87FD1FB6393B}.Debug|x64.ActiveCfg = Debug|x64
		{EC6500C1-EE5B-41B9-908B-87FD1FB6393B}.Debug|x64.Build.0 = Debug|x64
		{EC6500C1-EE5B-41B9-908B-87FD1FB6393B}.Debug|x64.Deploy.0 = Debug|x64
		{EC6500C1-EE5B-41B9-908B-87FD1FB6393B}.Debug|x86.ActiveCfg = Debug|x86
		{EC6500C1-EE5B-41B9-908B-87FD1FB6393B}.Debug|x86.Build.0 = Debug|x86
		{EC6500C1-EE5B-41B9-908B-87FD1FB6393B}.Debug|x86.Deploy.0 = Debug|x86
		{EC6500C1-EE5B-41B9-908B-87FD1FB6393B}.Release|ARM.ActiveCfg = Release|ARM
		{EC6500C1-EE5B-41B9-908B-87FD1FB6393B}.Release|ARM.Build.0 = Release|ARM
		{EC6500C1-EE5B-41B9-908B-87FD1FB6393B}.Release|ARM.Deploy.0 = Release|ARM
		{EC6500C1-EE5B-41B9-908B-87FD1FB6393B}.Release|ARM64.ActiveCfg = Release|ARM64
		{EC6500C1-EE5B-41B9-908B-87FD1FB6393B}.Release|ARM64.Build.0 = Release|ARM64
		{EC6500C1-EE5B-41B9-908B-87FD1FB6393B}.Release|ARM64.Deploy.0 = Release|ARM64
		{EC6500C1-EE5B-41B9-908B-87FD1FB6393B}.Release|x64.ActiveCfg = Release|x64
		{EC6500C1-EE5B-41B9-908B-87FD1FB6393B}.Release|x64.Build.0 = Release|x64
		{EC6500C1-EE5B-41B9-908B-87FD1FB6393B}.Release|x64.Deploy.0 = Release|x64
		{EC6500C1-EE5B-41B9-908B-87FD1FB6393B}.Release|x86.ActiveCfg = Release|x86
		{EC6500C1-EE5B-41B9-908B-87FD1FB6393B}.Release|x86.Build.0 = Release|x86
		{EC6500C1-EE5B-41B9-908B-87FD1FB6393B}.Release|x86.Deploy.0 = Release|x86
		{681F5CA4-9BF5-4D21-80E5-EB54065C74FB}.Debug|ARM.ActiveCfg = Debug|ARM
		{681F5CA4-9BF5-4D21-80E5-EB54065C74FB}.Debug|ARM.Build.0 = Debug|ARM
		{681F5CA4-9BF5-4D21-80E5-EB54065C74FB}.Debug|ARM.Deploy.0 = Debug|ARM
		{681F5CA4-9BF5-4D21-80E5-EB54065C74FB}.Debug|ARM64.ActiveCfg = Debug|ARM64
		{681F5CA4-9BF5-4D21-80E5-EB54065C74FB}.Debug|ARM64.Build.0 = Debug|ARM64
		{681F5CA4-9BF5-4D21-80E5-EB54065C74FB}.Debug|ARM64.Deploy.0 = Debug|ARM64
		{681F5CA4-9BF5-4D21-80E5-EB54065C74FB}.Debug|x64.ActiveCfg = Debug|x64
		{681F5CA4-9BF5-4D21-80E5-EB54065C74FB}.Debug|x64.Build.0 = Debug|x64
		{681F5CA4-9BF5-4D21-80E5-EB54065C74FB}.Debug|x64.Deploy.0 = Debug|x64
		{681F5CA4-9BF5-4D21-80E5-EB54065C74FB}.Debug|x86.ActiveCfg = Debug|x86
		{681F5CA4-9BF5-4D21-80E5-EB54065C74FB}.Debug|x86.Build.0 = Debug|x86
		{681F5CA4-9BF5-4D21-80E5-EB54065C74FB}.Debug|x86.Deploy.0 = Debug|x86
		{681F5CA4-9BF5-4D21-80E5-EB54065C74FB}.Release|ARM.ActiveCfg = Release|ARM
		{681F5CA4-9BF5-4D21-80E5-EB54065C74FB}.Release|ARM.Build.0 = Release|ARM
		{681F5CA4-9BF5-4D21-80E5-EB54065C74FB}.Release|ARM.Deploy.0 = Release|ARM
		{681F5CA4-9BF5-4D21-80E5-EB54065C74FB}.Release|ARM64.ActiveCfg = Release|ARM64
		{681F5CA4-9BF5-4D21-80E5-EB54065C74FB}.Release|ARM64.Build.0 = Release|ARM64
		{681F5CA4-9BF5-4D21-80E5-EB54065C74FB}.Release|ARM64.Deploy.0 = Release|ARM64
		{681F5CA4-9BF5-4D21-80E5-EB54065C74FB}.Release|x64.ActiveCfg = Release|x64
		{681F5CA4-9BF5-4D21-80E5-EB54065C74FB}.Release|x64.Build.0 = Release|x64
		{681F5CA4-9BF5-4D21-80E5-EB54065C74FB}.Release|x64.Deploy.0 = Release|x64
		{681F5CA4-9BF5-4D21-80E5-EB54065C74FB}.Release|x86.ActiveCfg = Release|x86
		{681F5CA4-9BF5-4D21-80E5-EB54065C74FB}.Release|x86.Build.0 = Release|x86
		{681F5CA4-9BF5-4D21-80E5-EB54065C74FB}.Release|x86.Deploy.0 = Release|x86
	EndGlobalSection
	GlobalSection(SolutionProperties) = preSolution
		HideSolutionNode = FALSE
	EndGlobalSection
	GlobalSection(ExtensibilityGlobals) = postSolution
		SolutionGuid = {55F58A59-1866-4833-8AD1-B13ACE2BC278}
	EndGlobalSection
EndGlobal
